
Microsoft Visual Studio Solution File, Format Version 12.00
# Visual Studio Version 16
VisualStudioVersion = 16.0.31729.503
MinimumVisualStudioVersion = 10.0.40219.1
Project("{9A19103F-16F7-4668-BE54-9A1E7A4F7556}") = "Business", "Business\Business.csproj", "{81F61266-F39F-4FF5-8AB1-0BE9A40A3ED4}"
EndProject
Project("{9A19103F-16F7-4668-BE54-9A1E7A4F7556}") = "DataAccess", "DataAccess\DataAccess.csproj", "{643C4E25-55B0-4AC2-8C9B-F18BF19BCE81}"
	ProjectSection(ProjectDependencies) = postProject
		{001FA7AB-8B7D-41BD-8BD0-615EB2CD94D7} = {001FA7AB-8B7D-41BD-8BD0-615EB2CD94D7}
	EndProjectSection
EndProject
Project("{9A19103F-16F7-4668-BE54-9A1E7A4F7556}") = "Entities", "Entities\Entities.csproj", "{001FA7AB-8B7D-41BD-8BD0-615EB2CD94D7}"
EndProject
Project("{9A19103F-16F7-4668-BE54-9A1E7A4F7556}") = "UIPreparation", "UIPreparation\UIPreparation.csproj", "{142230AB-F29D-420C-ACFC-36F5C01E03E3}"
EndProject
Project("{9A19103F-16F7-4668-BE54-9A1E7A4F7556}") = "WebAPI", "WebAPI\WebAPI.csproj", "{29ED1F27-E08B-46C7-9C69-7CE568E00DC7}"
EndProject
Project("{9A19103F-16F7-4668-BE54-9A1E7A4F7556}") = "Core", "Core\Core.csproj", "{348F6772-BC65-4DCB-A6E4-B83805DAD479}"
EndProject
Global
	GlobalSection(SolutionConfigurationPlatforms) = preSolution
		Debug|Any CPU = Debug|Any CPU
		Release|Any CPU = Release|Any CPU
	EndGlobalSection
	GlobalSection(ProjectConfigurationPlatforms) = postSolution
		{81F61266-F39F-4FF5-8AB1-0BE9A40A3ED4}.Debug|Any CPU.ActiveCfg = Debug|Any CPU
		{81F61266-F39F-4FF5-8AB1-0BE9A40A3ED4}.Debug|Any CPU.Build.0 = Debug|Any CPU
		{81F61266-F39F-4FF5-8AB1-0BE9A40A3ED4}.Release|Any CPU.ActiveCfg = Release|Any CPU
		{81F61266-F39F-4FF5-8AB1-0BE9A40A3ED4}.Release|Any CPU.Build.0 = Release|Any CPU
		{643C4E25-55B0-4AC2-8C9B-F18BF19BCE81}.Debug|Any CPU.ActiveCfg = Debug|Any CPU
		{643C4E25-55B0-4AC2-8C9B-F18BF19BCE81}.Debug|Any CPU.Build.0 = Debug|Any CPU
		{643C4E25-55B0-4AC2-8C9B-F18BF19BCE81}.Release|Any CPU.ActiveCfg = Release|Any CPU
		{643C4E25-55B0-4AC2-8C9B-F18BF19BCE81}.Release|Any CPU.Build.0 = Release|Any CPU
		{001FA7AB-8B7D-41BD-8BD0-615EB2CD94D7}.Debug|Any CPU.ActiveCfg = Debug|Any CPU
		{001FA7AB-8B7D-41BD-8BD0-615EB2CD94D7}.Debug|Any CPU.Build.0 = Debug|Any CPU
		{001FA7AB-8B7D-41BD-8BD0-615EB2CD94D7}.Release|Any CPU.ActiveCfg = Release|Any CPU
		{001FA7AB-8B7D-41BD-8BD0-615EB2CD94D7}.Release|Any CPU.Build.0 = Release|Any CPU
		{142230AB-F29D-420C-ACFC-36F5C01E03E3}.Debug|Any CPU.ActiveCfg = Debug|Any CPU
		{142230AB-F29D-420C-ACFC-36F5C01E03E3}.Debug|Any CPU.Build.0 = Debug|Any CPU
		{142230AB-F29D-420C-ACFC-36F5C01E03E3}.Release|Any CPU.ActiveCfg = Release|Any CPU
		{142230AB-F29D-420C-ACFC-36F5C01E03E3}.Release|Any CPU.Build.0 = Release|Any CPU
		{29ED1F27-E08B-46C7-9C69-7CE568E00DC7}.Debug|Any CPU.ActiveCfg = Debug|Any CPU
		{29ED1F27-E08B-46C7-9C69-7CE568E00DC7}.Debug|Any CPU.Build.0 = Debug|Any CPU
		{29ED1F27-E08B-46C7-9C69-7CE568E00DC7}.Release|Any CPU.ActiveCfg = Release|Any CPU
		{29ED1F27-E08B-46C7-9C69-7CE568E00DC7}.Release|Any CPU.Build.0 = Release|Any CPU
		{348F6772-BC65-4DCB-A6E4-B83805DAD479}.Debug|Any CPU.ActiveCfg = Debug|Any CPU
		{348F6772-BC65-4DCB-A6E4-B83805DAD479}.Debug|Any CPU.Build.0 = Debug|Any CPU
		{348F6772-BC65-4DCB-A6E4-B83805DAD479}.Release|Any CPU.ActiveCfg = Release|Any CPU
		{348F6772-BC65-4DCB-A6E4-B83805DAD479}.Release|Any CPU.Build.0 = Release|Any CPU
	EndGlobalSection
	GlobalSection(SolutionProperties) = preSolution
		HideSolutionNode = FALSE
	EndGlobalSection
	GlobalSection(ExtensibilityGlobals) = postSolution
		SolutionGuid = {FF026914-A7AC-400F-BDAD-2FB82D04E5AD}
	EndGlobalSection
EndGlobal
